{
  "name": "@eflyn/esuite-knowledge-base",
  "version": "1.0.0",
  "lockfileVersion": 2,
  "requires": true,
  "packages": {
    "": {
      "name": "@eflyn/esuite-knowledge-base",
      "version": "1.0.0",
      "license": "ISC",
      "devDependencies": {
        "@types/node": "^18.8.3",
        "marked": "^4.1.1",
        "rxjs": "^7.5.7"
      }
    },
    "node_modules/@types/node": {
      "version": "18.8.3",
      "resolved": "https://registry.npmjs.org/@types/node/-/node-18.8.3.tgz",
      "integrity": "sha512-0os9vz6BpGwxGe9LOhgP/ncvYN5Tx1fNcd2TM3rD/aCGBkysb+ZWpXEocG24h6ZzOi13+VB8HndAQFezsSOw1w==",
      "dev": true
    },
    "node_modules/marked": {
      "version": "4.1.1",
      "resolved": "https://registry.npmjs.org/marked/-/marked-4.1.1.tgz",
      "integrity": "sha512-0cNMnTcUJPxbA6uWmCmjWz4NJRe/0Xfk2NhXCUHjew9qJzFN20krFnsUe7QynwqOwa5m1fZ4UDg0ycKFVC0ccw==",
      "dev": true,
      "bin": {
        "marked": "bin/marked.js"
      },
      "engines": {
        "node": ">= 12"
      }
    },
    "node_modules/rxjs": {
      "version": "7.5.7",
      "resolved": "https://registry.npmjs.org/rxjs/-/rxjs-7.5.7.tgz",
      "integrity": "sha512-z9MzKh/UcOqB3i20H6rtrlaE/CgjLOvheWK/9ILrbhROGTweAi1BaFsTT9FbwZi5Trr1qNRs+MXkhmR06awzQA==",
      "dev": true,
      "dependencies": {
        "tslib": "^2.1.0"
      }
    },
    "node_modules/tslib": {
      "version": "2.4.0",
      "resolved": "https://registry.npmjs.org/tslib/-/tslib-2.4.0.tgz",
      "integrity": "sha512-d6xOpEDfsi2CZVlPQzGeux8XMwLT9hssAsaPYExaQMuYskwb+x1x7J371tWlbBdWHroy99KnVB6qIkUbs5X3UQ==",
      "dev": true
    }
  },
  "dependencies": {
    "@types/node": {
      "version": "18.8.3",
      "resolved": "https://registry.npmjs.org/@types/node/-/node-18.8.3.tgz",
      "integrity": "sha512-0os9vz6BpGwxGe9LOhgP/ncvYN5Tx1fNcd2TM3rD/aCGBkysb+ZWpXEocG24h6ZzOi13+VB8HndAQFezsSOw1w==",
      "dev": true
    },
    "marked": {
      "version": "4.1.1",
      "resolved": "https://registry.npmjs.org/marked/-/marked-4.1.1.tgz",
      "integrity": "sha512-0cNMnTcUJPxbA6uWmCmjWz4NJRe/0Xfk2NhXCUHjew9qJzFN20krFnsUe7QynwqOwa5m1fZ4UDg0ycKFVC0ccw==",
      "dev": true
    },
    "rxjs": {
      "version": "7.5.7",
      "resolved": "https://registry.npmjs.org/rxjs/-/rxjs-7.5.7.tgz",
      "integrity": "sha512-z9MzKh/UcOqB3i20H6rtrlaE/CgjLOvheWK/9ILrbhROGTweAi1BaFsTT9FbwZi5Trr1qNRs+MXkhmR06awzQA==",
      "dev": true,
      "requires": {
        "tslib": "^2.1.0"
      }
    },
    "tslib": {
      "version": "2.4.0",
      "resolved": "https://registry.npmjs.org/tslib/-/tslib-2.4.0.tgz",
      "integrity": "sha512-d6xOpEDfsi2CZVlPQzGeux8XMwLT9hssAsaPYExaQMuYskwb+x1x7J371tWlbBdWHroy99KnVB6qIkUbs5X3UQ==",
      "dev": true
    }
  }
}
